
Microsoft Visual Studio Solution File, Format Version 12.00
# Visual Studio Version 17
VisualStudioVersion = 17.9.34728.123
MinimumVisualStudioVersion = 10.0.40219.1
Project("{9A19103F-16F7-4668-BE54-9A1E7A4F7556}") = "GLPI-Agent-Updater", "GLPI-Agent-Updater\GLPI-Agent-Updater.csproj", "{EEB73283-537C-4B91-AA63-70535F9E1978}"
EndProject
Global
	GlobalSection(SolutionConfigurationPlatforms) = preSolution
		Debug|Any CPU = Debug|Any CPU
		Debug|ARM64 = Debug|ARM64
		Debug|x64 = Debug|x64
		Debug|x86 = Debug|x86
		Release|Any CPU = Release|Any CPU
		Release|ARM64 = Release|ARM64
		Release|x64 = Release|x64
		Release|x86 = Release|x86
	EndGlobalSection
	GlobalSection(ProjectConfigurationPlatforms) = postSolution
		{EEB73283-537C-4B91-AA63-70535F9E1978}.Debug|Any CPU.ActiveCfg = Debug|Any CPU
		{EEB73283-537C-4B91-AA63-70535F9E1978}.Debug|Any CPU.Build.0 = Debug|Any CPU
		{EEB73283-537C-4B91-AA63-70535F9E1978}.Debug|ARM64.ActiveCfg = Debug|Any CPU
		{EEB73283-537C-4B91-AA63-70535F9E1978}.Debug|ARM64.Build.0 = Debug|Any CPU
		{EEB73283-537C-4B91-AA63-70535F9E1978}.Debug|x64.ActiveCfg = Debug|Any CPU
		{EEB73283-537C-4B91-AA63-70535F9E1978}.Debug|x64.Build.0 = Debug|Any CPU
		{EEB73283-537C-4B91-AA63-70535F9E1978}.Debug|x86.ActiveCfg = Debug|Any CPU
		{EEB73283-537C-4B91-AA63-70535F9E1978}.Debug|x86.Build.0 = Debug|Any CPU
		{EEB73283-537C-4B91-AA63-70535F9E1978}.Release|Any CPU.ActiveCfg = Release|Any CPU
		{EEB73283-537C-4B91-AA63-70535F9E1978}.Release|Any CPU.Build.0 = Release|Any CPU
		{EEB73283-537C-4B91-AA63-70535F9E1978}.Release|ARM64.ActiveCfg = Release|Any CPU
		{EEB73283-537C-4B91-AA63-70535F9E1978}.Release|ARM64.Build.0 = Release|Any CPU
		{EEB73283-537C-4B91-AA63-70535F9E1978}.Release|x64.ActiveCfg = Release|Any CPU
		{EEB73283-537C-4B91-AA63-70535F9E1978}.Release|x64.Build.0 = Release|Any CPU
		{EEB73283-537C-4B91-AA63-70535F9E1978}.Release|x86.ActiveCfg = Release|Any CPU
		{EEB73283-537C-4B91-AA63-70535F9E1978}.Release|x86.Build.0 = Release|Any CPU
	EndGlobalSection
	GlobalSection(SolutionProperties) = preSolution
		HideSolutionNode = FALSE
	EndGlobalSection
	GlobalSection(ExtensibilityGlobals) = postSolution
		SolutionGuid = {0C3EA084-76AF-49FC-B622-13A8B2E817B0}
	EndGlobalSection
EndGlobal
